
Microsoft Visual Studio Solution File, Format Version 12.00
# Visual Studio Version 16
VisualStudioVersion = 16.0.30114.105
MinimumVisualStudioVersion = 10.0.40219.1
Project("{2150E333-8FDC-42A3-9474-1A3956D46DE8}") = "Presentation", "Presentation", "{F21818EB-76D3-471F-AD83-1BEE8CF08D13}"
EndProject
Project("{2150E333-8FDC-42A3-9474-1A3956D46DE8}") = "Application", "Application", "{4361649E-8C72-4318-951A-70728F687327}"
EndProject
Project("{2150E333-8FDC-42A3-9474-1A3956D46DE8}") = "Domain", "Domain", "{D18F049C-95A3-4851-96D5-4B62CCAA1635}"
EndProject
Project("{2150E333-8FDC-42A3-9474-1A3956D46DE8}") = "Infra", "Infra", "{1BF29C82-561B-4DEC-8278-119EE590802D}"
EndProject
Project("{2150E333-8FDC-42A3-9474-1A3956D46DE8}") = "Tests", "Tests", "{96C29D89-155A-4D67-84A1-DCDA4CAE69B8}"
EndProject
Project("{9A19103F-16F7-4668-BE54-9A1E7A4F7556}") = "Challenge.Api", "src\Challenge.Api\Challenge.Api.csproj", "{0F623DD2-3725-413F-86F0-8840EAFAC845}"
EndProject
Project("{9A19103F-16F7-4668-BE54-9A1E7A4F7556}") = "Challenge.Services", "src\Challenge.Services\Challenge.Services.csproj", "{3A6BF2BE-DA30-458F-A41F-70A7434AEC5E}"
EndProject
Project("{9A19103F-16F7-4668-BE54-9A1E7A4F7556}") = "Challenge.Domain", "src\Challenge.Domain\Challenge.Domain.csproj", "{E8357148-CF24-47E4-9F60-BD8B19863A9B}"
EndProject
Project("{9A19103F-16F7-4668-BE54-9A1E7A4F7556}") = "Challenge.Domain.Core", "src\Challenge.Domain.Core\Challenge.Domain.Core.csproj", "{92E484FA-1FFF-48E7-8E71-5BEC8E3FCF9F}"
EndProject
Project("{2150E333-8FDC-42A3-9474-1A3956D46DE8}") = "CrossCutting", "CrossCutting", "{5C53B379-EBC1-4693-B748-4A88E41D62AD}"
EndProject
Project("{2150E333-8FDC-42A3-9474-1A3956D46DE8}") = "Data", "Data", "{6D84D3A0-3319-46D6-8AE6-8DBC5B95F0BE}"
EndProject
Project("{9A19103F-16F7-4668-BE54-9A1E7A4F7556}") = "Challenge.Infra.IoC", "src\Challenge.Infra.IoC\Challenge.Infra.IoC.csproj", "{DA037E34-2032-4224-BA97-150CECA027FD}"
EndProject
Project("{9A19103F-16F7-4668-BE54-9A1E7A4F7556}") = "Challenge.Infra.Data", "src\Challenge.Infra.Data\Challenge.Infra.Data.csproj", "{65CBF9DE-E96C-46C0-9D3E-6C2E17B81E78}"
EndProject
Project("{9A19103F-16F7-4668-BE54-9A1E7A4F7556}") = "Challenge.UnitTests", "tests\Challenge.UnitTests\Challenge.UnitTests.csproj", "{C4DB939E-EC94-4C0C-BAFE-5F70F0C77B20}"
EndProject
Project("{9A19103F-16F7-4668-BE54-9A1E7A4F7556}") = "Challenge.IntegrationTests", "tests\Challenge.IntegrationTests\Challenge.IntegrationTests.csproj", "{0C0C090D-B440-4346-952C-AF73F66A0454}"
EndProject
Global
	GlobalSection(SolutionConfigurationPlatforms) = preSolution
		Debug|Any CPU = Debug|Any CPU
		Debug|x64 = Debug|x64
		Debug|x86 = Debug|x86
		Release|Any CPU = Release|Any CPU
		Release|x64 = Release|x64
		Release|x86 = Release|x86
	EndGlobalSection
	GlobalSection(ProjectConfigurationPlatforms) = postSolution
		{0F623DD2-3725-413F-86F0-8840EAFAC845}.Debug|Any CPU.ActiveCfg = Debug|Any CPU
		{0F623DD2-3725-413F-86F0-8840EAFAC845}.Debug|Any CPU.Build.0 = Debug|Any CPU
		{0F623DD2-3725-413F-86F0-8840EAFAC845}.Debug|x64.ActiveCfg = Debug|Any CPU
		{0F623DD2-3725-413F-86F0-8840EAFAC845}.Debug|x64.Build.0 = Debug|Any CPU
		{0F623DD2-3725-413F-86F0-8840EAFAC845}.Debug|x86.ActiveCfg = Debug|Any CPU
		{0F623DD2-3725-413F-86F0-8840EAFAC845}.Debug|x86.Build.0 = Debug|Any CPU
		{0F623DD2-3725-413F-86F0-8840EAFAC845}.Release|Any CPU.ActiveCfg = Release|Any CPU
		{0F623DD2-3725-413F-86F0-8840EAFAC845}.Release|Any CPU.Build.0 = Release|Any CPU
		{0F623DD2-3725-413F-86F0-8840EAFAC845}.Release|x64.ActiveCfg = Release|Any CPU
		{0F623DD2-3725-413F-86F0-8840EAFAC845}.Release|x64.Build.0 = Release|Any CPU
		{0F623DD2-3725-413F-86F0-8840EAFAC845}.Release|x86.ActiveCfg = Release|Any CPU
		{0F623DD2-3725-413F-86F0-8840EAFAC845}.Release|x86.Build.0 = Release|Any CPU
		{3A6BF2BE-DA30-458F-A41F-70A7434AEC5E}.Debug|Any CPU.ActiveCfg = Debug|Any CPU
		{3A6BF2BE-DA30-458F-A41F-70A7434AEC5E}.Debug|Any CPU.Build.0 = Debug|Any CPU
		{3A6BF2BE-DA30-458F-A41F-70A7434AEC5E}.Debug|x64.ActiveCfg = Debug|Any CPU
		{3A6BF2BE-DA30-458F-A41F-70A7434AEC5E}.Debug|x64.Build.0 = Debug|Any CPU
		{3A6BF2BE-DA30-458F-A41F-70A7434AEC5E}.Debug|x86.ActiveCfg = Debug|Any CPU
		{3A6BF2BE-DA30-458F-A41F-70A7434AEC5E}.Debug|x86.Build.0 = Debug|Any CPU
		{3A6BF2BE-DA30-458F-A41F-70A7434AEC5E}.Release|Any CPU.ActiveCfg = Release|Any CPU
		{3A6BF2BE-DA30-458F-A41F-70A7434AEC5E}.Release|Any CPU.Build.0 = Release|Any CPU
		{3A6BF2BE-DA30-458F-A41F-70A7434AEC5E}.Release|x64.ActiveCfg = Release|Any CPU
		{3A6BF2BE-DA30-458F-A41F-70A7434AEC5E}.Release|x64.Build.0 = Release|Any CPU
		{3A6BF2BE-DA30-458F-A41F-70A7434AEC5E}.Release|x86.ActiveCfg = Release|Any CPU
		{3A6BF2BE-DA30-458F-A41F-70A7434AEC5E}.Release|x86.Build.0 = Release|Any CPU
		{E8357148-CF24-47E4-9F60-BD8B19863A9B}.Debug|Any CPU.ActiveCfg = Debug|Any CPU
		{E8357148-CF24-47E4-9F60-BD8B19863A9B}.Debug|Any CPU.Build.0 = Debug|Any CPU
		{E8357148-CF24-47E4-9F60-BD8B19863A9B}.Debug|x64.ActiveCfg = Debug|Any CPU
		{E8357148-CF24-47E4-9F60-BD8B19863A9B}.Debug|x64.Build.0 = Debug|Any CPU
		{E8357148-CF24-47E4-9F60-BD8B19863A9B}.Debug|x86.ActiveCfg = Debug|Any CPU
		{E8357148-CF24-47E4-9F60-BD8B19863A9B}.Debug|x86.Build.0 = Debug|Any CPU
		{E8357148-CF24-47E4-9F60-BD8B19863A9B}.Release|Any CPU.ActiveCfg = Release|Any CPU
		{E8357148-CF24-47E4-9F60-BD8B19863A9B}.Release|Any CPU.Build.0 = Release|Any CPU
		{E8357148-CF24-47E4-9F60-BD8B19863A9B}.Release|x64.ActiveCfg = Release|Any CPU
		{E8357148-CF24-47E4-9F60-BD8B19863A9B}.Release|x64.Build.0 = Release|Any CPU
		{E8357148-CF24-47E4-9F60-BD8B19863A9B}.Release|x86.ActiveCfg = Release|Any CPU
		{E8357148-CF24-47E4-9F60-BD8B19863A9B}.Release|x86.Build.0 = Release|Any CPU
		{92E484FA-1FFF-48E7-8E71-5BEC8E3FCF9F}.Debug|Any CPU.ActiveCfg = Debug|Any CPU
		{92E484FA-1FFF-48E7-8E71-5BEC8E3FCF9F}.Debug|Any CPU.Build.0 = Debug|Any CPU
		{92E484FA-1FFF-48E7-8E71-5BEC8E3FCF9F}.Debug|x64.ActiveCfg = Debug|Any CPU
		{92E484FA-1FFF-48E7-8E71-5BEC8E3FCF9F}.Debug|x64.Build.0 = Debug|Any CPU
		{92E484FA-1FFF-48E7-8E71-5BEC8E3FCF9F}.Debug|x86.ActiveCfg = Debug|Any CPU
		{92E484FA-1FFF-48E7-8E71-5BEC8E3FCF9F}.Debug|x86.Build.0 = Debug|Any CPU
		{92E484FA-1FFF-48E7-8E71-5BEC8E3FCF9F}.Release|Any CPU.ActiveCfg = Release|Any CPU
		{92E484FA-1FFF-48E7-8E71-5BEC8E3FCF9F}.Release|Any CPU.Build.0 = Release|Any CPU
		{92E484FA-1FFF-48E7-8E71-5BEC8E3FCF9F}.Release|x64.ActiveCfg = Release|Any CPU
		{92E484FA-1FFF-48E7-8E71-5BEC8E3FCF9F}.Release|x64.Build.0 = Release|Any CPU
		{92E484FA-1FFF-48E7-8E71-5BEC8E3FCF9F}.Release|x86.ActiveCfg = Release|Any CPU
		{92E484FA-1FFF-48E7-8E71-5BEC8E3FCF9F}.Release|x86.Build.0 = Release|Any CPU
		{DA037E34-2032-4224-BA97-150CECA027FD}.Debug|Any CPU.ActiveCfg = Debug|Any CPU
		{DA037E34-2032-4224-BA97-150CECA027FD}.Debug|Any CPU.Build.0 = Debug|Any CPU
		{DA037E34-2032-4224-BA97-150CECA027FD}.Debug|x64.ActiveCfg = Debug|Any CPU
		{DA037E34-2032-4224-BA97-150CECA027FD}.Debug|x64.Build.0 = Debug|Any CPU
		{DA037E34-2032-4224-BA97-150CECA027FD}.Debug|x86.ActiveCfg = Debug|Any CPU
		{DA037E34-2032-4224-BA97-150CECA027FD}.Debug|x86.Build.0 = Debug|Any CPU
		{DA037E34-2032-4224-BA97-150CECA027FD}.Release|Any CPU.ActiveCfg = Release|Any CPU
		{DA037E34-2032-4224-BA97-150CECA027FD}.Release|Any CPU.Build.0 = Release|Any CPU
		{DA037E34-2032-4224-BA97-150CECA027FD}.Release|x64.ActiveCfg = Release|Any CPU
		{DA037E34-2032-4224-BA97-150CECA027FD}.Release|x64.Build.0 = Release|Any CPU
		{DA037E34-2032-4224-BA97-150CECA027FD}.Release|x86.ActiveCfg = Release|Any CPU
		{DA037E34-2032-4224-BA97-150CECA027FD}.Release|x86.Build.0 = Release|Any CPU
		{65CBF9DE-E96C-46C0-9D3E-6C2E17B81E78}.Debug|Any CPU.ActiveCfg = Debug|Any CPU
		{65CBF9DE-E96C-46C0-9D3E-6C2E17B81E78}.Debug|Any CPU.Build.0 = Debug|Any CPU
		{65CBF9DE-E96C-46C0-9D3E-6C2E17B81E78}.Debug|x64.ActiveCfg = Debug|Any CPU
		{65CBF9DE-E96C-46C0-9D3E-6C2E17B81E78}.Debug|x64.Build.0 = Debug|Any CPU
		{65CBF9DE-E96C-46C0-9D3E-6C2E17B81E78}.Debug|x86.ActiveCfg = Debug|Any CPU
		{65CBF9DE-E96C-46C0-9D3E-6C2E17B81E78}.Debug|x86.Build.0 = Debug|Any CPU
		{65CBF9DE-E96C-46C0-9D3E-6C2E17B81E78}.Release|Any CPU.ActiveCfg = Release|Any CPU
		{65CBF9DE-E96C-46C0-9D3E-6C2E17B81E78}.Release|Any CPU.Build.0 = Release|Any CPU
		{65CBF9DE-E96C-46C0-9D3E-6C2E17B81E78}.Release|x64.ActiveCfg = Release|Any CPU
		{65CBF9DE-E96C-46C0-9D3E-6C2E17B81E78}.Release|x64.Build.0 = Release|Any CPU
		{65CBF9DE-E96C-46C0-9D3E-6C2E17B81E78}.Release|x86.ActiveCfg = Release|Any CPU
		{65CBF9DE-E96C-46C0-9D3E-6C2E17B81E78}.Release|x86.Build.0 = Release|Any CPU
		{C4DB939E-EC94-4C0C-BAFE-5F70F0C77B20}.Debug|Any CPU.ActiveCfg = Debug|Any CPU
		{C4DB939E-EC94-4C0C-BAFE-5F70F0C77B20}.Debug|Any CPU.Build.0 = Debug|Any CPU
		{C4DB939E-EC94-4C0C-BAFE-5F70F0C77B20}.Debug|x64.ActiveCfg = Debug|Any CPU
		{C4DB939E-EC94-4C0C-BAFE-5F70F0C77B20}.Debug|x64.Build.0 = Debug|Any CPU
		{C4DB939E-EC94-4C0C-BAFE-5F70F0C77B20}.Debug|x86.ActiveCfg = Debug|Any CPU
		{C4DB939E-EC94-4C0C-BAFE-5F70F0C77B20}.Debug|x86.Build.0 = Debug|Any CPU
		{C4DB939E-EC94-4C0C-BAFE-5F70F0C77B20}.Release|Any CPU.ActiveCfg = Release|Any CPU
		{C4DB939E-EC94-4C0C-BAFE-5F70F0C77B20}.Release|Any CPU.Build.0 = Release|Any CPU
		{C4DB939E-EC94-4C0C-BAFE-5F70F0C77B20}.Release|x64.ActiveCfg = Release|Any CPU
		{C4DB939E-EC94-4C0C-BAFE-5F70F0C77B20}.Release|x64.Build.0 = Release|Any CPU
		{C4DB939E-EC94-4C0C-BAFE-5F70F0C77B20}.Release|x86.ActiveCfg = Release|Any CPU
		{C4DB939E-EC94-4C0C-BAFE-5F70F0C77B20}.Release|x86.Build.0 = Release|Any CPU
		{0C0C090D-B440-4346-952C-AF73F66A0454}.Debug|Any CPU.ActiveCfg = Debug|Any CPU
		{0C0C090D-B440-4346-952C-AF73F66A0454}.Debug|Any CPU.Build.0 = Debug|Any CPU
		{0C0C090D-B440-4346-952C-AF73F66A0454}.Debug|x64.ActiveCfg = Debug|Any CPU
		{0C0C090D-B440-4346-952C-AF73F66A0454}.Debug|x64.Build.0 = Debug|Any CPU
		{0C0C090D-B440-4346-952C-AF73F66A0454}.Debug|x86.ActiveCfg = Debug|Any CPU
		{0C0C090D-B440-4346-952C-AF73F66A0454}.Debug|x86.Build.0 = Debug|Any CPU
		{0C0C090D-B440-4346-952C-AF73F66A0454}.Release|Any CPU.ActiveCfg = Release|Any CPU
		{0C0C090D-B440-4346-952C-AF73F66A0454}.Release|Any CPU.Build.0 = Release|Any CPU
		{0C0C090D-B440-4346-952C-AF73F66A0454}.Release|x64.ActiveCfg = Release|Any CPU
		{0C0C090D-B440-4346-952C-AF73F66A0454}.Release|x64.Build.0 = Release|Any CPU
		{0C0C090D-B440-4346-952C-AF73F66A0454}.Release|x86.ActiveCfg = Release|Any CPU
		{0C0C090D-B440-4346-952C-AF73F66A0454}.Release|x86.Build.0 = Release|Any CPU
	EndGlobalSection
	GlobalSection(SolutionProperties) = preSolution
		HideSolutionNode = FALSE
	EndGlobalSection
	GlobalSection(NestedProjects) = preSolution
		{0F623DD2-3725-413F-86F0-8840EAFAC845} = {F21818EB-76D3-471F-AD83-1BEE8CF08D13}
		{3A6BF2BE-DA30-458F-A41F-70A7434AEC5E} = {4361649E-8C72-4318-951A-70728F687327}
		{E8357148-CF24-47E4-9F60-BD8B19863A9B} = {D18F049C-95A3-4851-96D5-4B62CCAA1635}
		{92E484FA-1FFF-48E7-8E71-5BEC8E3FCF9F} = {D18F049C-95A3-4851-96D5-4B62CCAA1635}
		{5C53B379-EBC1-4693-B748-4A88E41D62AD} = {1BF29C82-561B-4DEC-8278-119EE590802D}
		{6D84D3A0-3319-46D6-8AE6-8DBC5B95F0BE} = {1BF29C82-561B-4DEC-8278-119EE590802D}
		{DA037E34-2032-4224-BA97-150CECA027FD} = {5C53B379-EBC1-4693-B748-4A88E41D62AD}
		{65CBF9DE-E96C-46C0-9D3E-6C2E17B81E78} = {6D84D3A0-3319-46D6-8AE6-8DBC5B95F0BE}
		{C4DB939E-EC94-4C0C-BAFE-5F70F0C77B20} = {96C29D89-155A-4D67-84A1-DCDA4CAE69B8}
		{0C0C090D-B440-4346-952C-AF73F66A0454} = {96C29D89-155A-4D67-84A1-DCDA4CAE69B8}
	EndGlobalSection
	GlobalSection(ExtensibilityGlobals) = postSolution
		SolutionGuid = {F8A2487F-2DB4-46DB-90D3-355E5F5BD9DB}
	EndGlobalSection
EndGlobal
